
Microsoft Visual Studio Solution File, Format Version 12.00
# Visual Studio Version 17
VisualStudioVersion = 17.5.33414.496
MinimumVisualStudioVersion = 10.0.40219.1
Project("{FAE04EC0-301F-11D3-BF4B-00C04F79EFBC}") = "Project", "DAWM_TEMA1\Project.csproj", "{8350786E-205C-4269-8F31-8570B3F3B54A}"
EndProject
Project("{FAE04EC0-301F-11D3-BF4B-00C04F79EFBC}") = "Core", "Core\Core.csproj", "{0F1BF0F9-08DC-486A-AF97-C64A3F46AF5C}"
EndProject
Project("{FAE04EC0-301F-11D3-BF4B-00C04F79EFBC}") = "DataLayer", "DataLayer\DataLayer.csproj", "{42664D0B-3F43-4E99-B659-F7A608188828}"
EndProject
Global
	GlobalSection(SolutionConfigurationPlatforms) = preSolution
		Debug|Any CPU = Debug|Any CPU
		Release|Any CPU = Release|Any CPU
	EndGlobalSection
	GlobalSection(ProjectConfigurationPlatforms) = postSolution
		{8350786E-205C-4269-8F31-8570B3F3B54A}.Debug|Any CPU.ActiveCfg = Debug|Any CPU
		{8350786E-205C-4269-8F31-8570B3F3B54A}.Debug|Any CPU.Build.0 = Debug|Any CPU
		{8350786E-205C-4269-8F31-8570B3F3B54A}.Release|Any CPU.ActiveCfg = Release|Any CPU
		{8350786E-205C-4269-8F31-8570B3F3B54A}.Release|Any CPU.Build.0 = Release|Any CPU
		{0F1BF0F9-08DC-486A-AF97-C64A3F46AF5C}.Debug|Any CPU.ActiveCfg = Debug|Any CPU
		{0F1BF0F9-08DC-486A-AF97-C64A3F46AF5C}.Debug|Any CPU.Build.0 = Debug|Any CPU
		{0F1BF0F9-08DC-486A-AF97-C64A3F46AF5C}.Release|Any CPU.ActiveCfg = Release|Any CPU
		{0F1BF0F9-08DC-486A-AF97-C64A3F46AF5C}.Release|Any CPU.Build.0 = Release|Any CPU
		{42664D0B-3F43-4E99-B659-F7A608188828}.Debug|Any CPU.ActiveCfg = Debug|Any CPU
		{42664D0B-3F43-4E99-B659-F7A608188828}.Debug|Any CPU.Build.0 = Debug|Any CPU
		{42664D0B-3F43-4E99-B659-F7A608188828}.Release|Any CPU.ActiveCfg = Release|Any CPU
		{42664D0B-3F43-4E99-B659-F7A608188828}.Release|Any CPU.Build.0 = Release|Any CPU
	EndGlobalSection
	GlobalSection(SolutionProperties) = preSolution
		HideSolutionNode = FALSE
	EndGlobalSection
	GlobalSection(ExtensibilityGlobals) = postSolution
		SolutionGuid = {DE919D4C-E292-4D3E-8FB0-397C06065451}
	EndGlobalSection
EndGlobal
